
Microsoft Visual Studio Solution File, Format Version 12.00
# Visual Studio Version 16
VisualStudioVersion = 16.0.29911.84
MinimumVisualStudioVersion = 10.0.40219.1
Project("{FAE04EC0-301F-11D3-BF4B-00C04F79EFBC}") = "WCF si EF", "WCF si EF\WCF si EF.csproj", "{AC15AA88-B620-400B-A669-4E3670807B44}"
EndProject
Global
	GlobalSection(SolutionConfigurationPlatforms) = preSolution
		Debug|Any CPU = Debug|Any CPU
		Release|Any CPU = Release|Any CPU
	EndGlobalSection
	GlobalSection(ProjectConfigurationPlatforms) = postSolution
		{AC15AA88-B620-400B-A669-4E3670807B44}.Debug|Any CPU.ActiveCfg = Debug|Any CPU
		{AC15AA88-B620-400B-A669-4E3670807B44}.Debug|Any CPU.Build.0 = Debug|Any CPU
		{AC15AA88-B620-400B-A669-4E3670807B44}.Release|Any CPU.ActiveCfg = Release|Any CPU
		{AC15AA88-B620-400B-A669-4E3670807B44}.Release|Any CPU.Build.0 = Release|Any CPU
	EndGlobalSection
	GlobalSection(SolutionProperties) = preSolution
		HideSolutionNode = FALSE
	EndGlobalSection
	GlobalSection(ExtensibilityGlobals) = postSolution
		SolutionGuid = {D768610D-3ED6-49CF-8703-814C7CC50D38}
	EndGlobalSection
EndGlobal
