
Microsoft Visual Studio Solution File, Format Version 12.00
# Visual Studio Version 16
VisualStudioVersion = 16.0.29911.84
MinimumVisualStudioVersion = 10.0.40219.1
Project("{FAE04EC0-301F-11D3-BF4B-00C04F79EFBC}") = "Code First", "Code First\Code First.csproj", "{6EE4FAE3-BBFF-4303-8B9C-2107F0D99772}"
EndProject
Global
	GlobalSection(SolutionConfigurationPlatforms) = preSolution
		Debug|Any CPU = Debug|Any CPU
		Release|Any CPU = Release|Any CPU
	EndGlobalSection
	GlobalSection(ProjectConfigurationPlatforms) = postSolution
		{6EE4FAE3-BBFF-4303-8B9C-2107F0D99772}.Debug|Any CPU.ActiveCfg = Debug|Any CPU
		{6EE4FAE3-BBFF-4303-8B9C-2107F0D99772}.Debug|Any CPU.Build.0 = Debug|Any CPU
		{6EE4FAE3-BBFF-4303-8B9C-2107F0D99772}.Release|Any CPU.ActiveCfg = Release|Any CPU
		{6EE4FAE3-BBFF-4303-8B9C-2107F0D99772}.Release|Any CPU.Build.0 = Release|Any CPU
	EndGlobalSection
	GlobalSection(SolutionProperties) = preSolution
		HideSolutionNode = FALSE
	EndGlobalSection
	GlobalSection(ExtensibilityGlobals) = postSolution
		SolutionGuid = {C75A0C3C-CF63-47E8-9CA7-6AF96E8104AD}
	EndGlobalSection
EndGlobal
