
Microsoft Visual Studio Solution File, Format Version 12.00
# Visual Studio Version 16
VisualStudioVersion = 16.0.29326.143
MinimumVisualStudioVersion = 10.0.40219.1
Project("{FAE04EC0-301F-11D3-BF4B-00C04F79EFBC}") = "TSP-Proj", "TSP-Proj.csproj", "{2650406A-EE00-417C-911F-2AA188C5A97A}"
EndProject
Global
	GlobalSection(SolutionConfigurationPlatforms) = preSolution
		Debug|Any CPU = Debug|Any CPU
		Release|Any CPU = Release|Any CPU
	EndGlobalSection
	GlobalSection(ProjectConfigurationPlatforms) = postSolution
		{2650406A-EE00-417C-911F-2AA188C5A97A}.Debug|Any CPU.ActiveCfg = Debug|Any CPU
		{2650406A-EE00-417C-911F-2AA188C5A97A}.Debug|Any CPU.Build.0 = Debug|Any CPU
		{2650406A-EE00-417C-911F-2AA188C5A97A}.Release|Any CPU.ActiveCfg = Release|Any CPU
		{2650406A-EE00-417C-911F-2AA188C5A97A}.Release|Any CPU.Build.0 = Release|Any CPU
	EndGlobalSection
	GlobalSection(SolutionProperties) = preSolution
		HideSolutionNode = FALSE
	EndGlobalSection
	GlobalSection(ExtensibilityGlobals) = postSolution
		SolutionGuid = {52D17A81-4687-460B-B1B7-B013BC11039D}
	EndGlobalSection
EndGlobal
