
Microsoft Visual Studio Solution File, Format Version 12.00
# Visual Studio Version 16
VisualStudioVersion = 16.0.29911.84
MinimumVisualStudioVersion = 10.0.40219.1
Project("{FAE04EC0-301F-11D3-BF4B-00C04F79EFBC}") = "EF-studii", "EF-studii\EF-studii.csproj", "{2F5BCAD3-A7D4-4987-B429-55BA9D8D3EB8}"
EndProject
Global
	GlobalSection(SolutionConfigurationPlatforms) = preSolution
		Debug|Any CPU = Debug|Any CPU
		Release|Any CPU = Release|Any CPU
	EndGlobalSection
	GlobalSection(ProjectConfigurationPlatforms) = postSolution
		{2F5BCAD3-A7D4-4987-B429-55BA9D8D3EB8}.Debug|Any CPU.ActiveCfg = Debug|Any CPU
		{2F5BCAD3-A7D4-4987-B429-55BA9D8D3EB8}.Debug|Any CPU.Build.0 = Debug|Any CPU
		{2F5BCAD3-A7D4-4987-B429-55BA9D8D3EB8}.Release|Any CPU.ActiveCfg = Release|Any CPU
		{2F5BCAD3-A7D4-4987-B429-55BA9D8D3EB8}.Release|Any CPU.Build.0 = Release|Any CPU
	EndGlobalSection
	GlobalSection(SolutionProperties) = preSolution
		HideSolutionNode = FALSE
	EndGlobalSection
	GlobalSection(ExtensibilityGlobals) = postSolution
		SolutionGuid = {91C65FEB-47C3-4575-A9AF-5ABA511A308A}
	EndGlobalSection
EndGlobal
