
Microsoft Visual Studio Solution File, Format Version 12.00
# Visual Studio Version 16
VisualStudioVersion = 16.0.29911.84
MinimumVisualStudioVersion = 10.0.40219.1
Project("{FAE04EC0-301F-11D3-BF4B-00C04F79EFBC}") = "Model-first", "Model-first\Model-first.csproj", "{24962D7B-B40C-469B-9B50-62C04AADD701}"
EndProject
Global
	GlobalSection(SolutionConfigurationPlatforms) = preSolution
		Debug|Any CPU = Debug|Any CPU
		Release|Any CPU = Release|Any CPU
	EndGlobalSection
	GlobalSection(ProjectConfigurationPlatforms) = postSolution
		{24962D7B-B40C-469B-9B50-62C04AADD701}.Debug|Any CPU.ActiveCfg = Debug|Any CPU
		{24962D7B-B40C-469B-9B50-62C04AADD701}.Debug|Any CPU.Build.0 = Debug|Any CPU
		{24962D7B-B40C-469B-9B50-62C04AADD701}.Release|Any CPU.ActiveCfg = Release|Any CPU
		{24962D7B-B40C-469B-9B50-62C04AADD701}.Release|Any CPU.Build.0 = Release|Any CPU
	EndGlobalSection
	GlobalSection(SolutionProperties) = preSolution
		HideSolutionNode = FALSE
	EndGlobalSection
	GlobalSection(ExtensibilityGlobals) = postSolution
		SolutionGuid = {F5CAA33C-58DB-4225-982A-C7092177C3E4}
	EndGlobalSection
EndGlobal
